
Microsoft Visual Studio Solution File, Format Version 12.00
# Visual Studio Version 17
VisualStudioVersion = 17.10.34928.147
MinimumVisualStudioVersion = 10.0.40219.1
Project("{9A19103F-16F7-4668-BE54-9A1E7A4F7556}") = "R2HDocker", "R2HDocker.csproj", "{0550D735-B61C-4196-9E36-253D2FBA6CC4}"
EndProject
Global
	GlobalSection(SolutionConfigurationPlatforms) = preSolution
		Debug|Any CPU = Debug|Any CPU
		Release|Any CPU = Release|Any CPU
	EndGlobalSection
	GlobalSection(ProjectConfigurationPlatforms) = postSolution
		{0550D735-B61C-4196-9E36-253D2FBA6CC4}.Debug|Any CPU.ActiveCfg = Debug|Any CPU
		{0550D735-B61C-4196-9E36-253D2FBA6CC4}.Debug|Any CPU.Build.0 = Debug|Any CPU
		{0550D735-B61C-4196-9E36-253D2FBA6CC4}.Release|Any CPU.ActiveCfg = Release|Any CPU
		{0550D735-B61C-4196-9E36-253D2FBA6CC4}.Release|Any CPU.Build.0 = Release|Any CPU
	EndGlobalSection
	GlobalSection(SolutionProperties) = preSolution
		HideSolutionNode = FALSE
	EndGlobalSection
	GlobalSection(ExtensibilityGlobals) = postSolution
		SolutionGuid = {5B605BB4-08A6-48EB-B0DC-3078B585CCBB}
	EndGlobalSection
EndGlobal
