
Microsoft Visual Studio Solution File, Format Version 12.00
# Visual Studio Version 17
VisualStudioVersion = 17.2.32630.192
MinimumVisualStudioVersion = 10.0.40219.1
Project("{2150E333-8FDC-42A3-9474-1A3956D46DE8}") = "01. RTF to HTML", "01. RTF to HTML", "{A646CCE9-55F9-4F09-8A4B-A6C19FA8A75A}"
EndProject
Project("{9A19103F-16F7-4668-BE54-9A1E7A4F7556}") = "Convert RTF file to HTML file", "01. RTF to HTML\Convert RTF file to HTML file\Convert RTF file to HTML file.csproj", "{9B98571A-179C-4D0A-A5B3-4A948191FB01}"
EndProject
Project("{9A19103F-16F7-4668-BE54-9A1E7A4F7556}") = "Convert RTF file to HTML string", "01. RTF to HTML\Convert RTF file to HTML string\Convert RTF file to HTML string.csproj", "{3025AB79-6A97-49B1-A583-CE1515880D4D}"
EndProject
Project("{9A19103F-16F7-4668-BE54-9A1E7A4F7556}") = "Convert RTF string to HTML file", "01. RTF to HTML\Convert RTF string to HTML file\Convert RTF string to HTML file.csproj", "{34AFA018-3604-462D-8A78-07F0A44E7AF9}"
EndProject
Project("{9A19103F-16F7-4668-BE54-9A1E7A4F7556}") = "Convert RTF string to HTML string", "01. RTF to HTML\Convert RTF string to HTML string\Convert RTF string to HTML string.csproj", "{FE1C42A4-7F81-4FD9-9837-B9AD7E3A809E}"
EndProject
Project("{9A19103F-16F7-4668-BE54-9A1E7A4F7556}") = "Convert RTF to HTML using bytes array", "01. RTF to HTML\Convert RTF to HTML using bytes array\Convert RTF to HTML using bytes array.csproj", "{3F030D33-F3E2-4EC9-963A-17AC2CAABD13}"
EndProject
Project("{9A19103F-16F7-4668-BE54-9A1E7A4F7556}") = "Convert RTF to HTML using MemoryStream", "01. RTF to HTML\Convert RTF to HTML using MemoryStream\Convert RTF to HTML using MemoryStream.csproj", "{564E4B05-6CA5-4810-BDB9-45A068B7CA05}"
EndProject
Project("{2150E333-8FDC-42A3-9474-1A3956D46DE8}") = "02. DOCX to HTML", "02. DOCX to HTML", "{512417B3-D323-41B5-A5B0-61489B0C4014}"
EndProject
Project("{9A19103F-16F7-4668-BE54-9A1E7A4F7556}") = "Convert DOCX bytes to HTML file", "02. DOCX to HTML\Convert DOCX bytes to HTML file\Convert DOCX bytes to HTML file.csproj", "{970907B2-8821-4C22-A022-C503B2EB94EC}"
EndProject
Project("{9A19103F-16F7-4668-BE54-9A1E7A4F7556}") = "Convert DOCX bytes to HTML string", "02. DOCX to HTML\Convert DOCX bytes to HTML string\Convert DOCX bytes to HTML string.csproj", "{C6735594-86F0-4397-902E-A61F31B0A69E}"
EndProject
Project("{9A19103F-16F7-4668-BE54-9A1E7A4F7556}") = "Convert DOCX file to HTML file", "02. DOCX to HTML\Convert DOCX file to HTML file\Convert DOCX file to HTML file.csproj", "{A6BA61BA-891A-4AC3-84C1-953DA98A9716}"
EndProject
Project("{9A19103F-16F7-4668-BE54-9A1E7A4F7556}") = "Convert DOCX file to HTML string", "02. DOCX to HTML\Convert DOCX file to HTML string\Convert DOCX file to HTML string.csproj", "{C4F735A6-9134-4D06-B1FE-FEB1BA4B3EBE}"
EndProject
Project("{9A19103F-16F7-4668-BE54-9A1E7A4F7556}") = "Convert DOCX to HTML using bytes array", "02. DOCX to HTML\Convert DOCX to HTML using bytes array\Convert DOCX to HTML using bytes array.csproj", "{EBE2FE31-63C9-4F42-B727-B546E3524A71}"
EndProject
Project("{9A19103F-16F7-4668-BE54-9A1E7A4F7556}") = "Convert DOCX to HTML using MemoryStream", "02. DOCX to HTML\Convert DOCX to HTML using MemoryStream\Convert DOCX to HTML using MemoryStream.csproj", "{3D07D34E-08DC-422E-B6BB-408FF634C896}"
EndProject
Project("{2150E333-8FDC-42A3-9474-1A3956D46DE8}") = "03. Text to HTML", "03. Text to HTML", "{28C98B0F-00D1-4BDF-9A80-65A5CBE49329}"
EndProject
Project("{9A19103F-16F7-4668-BE54-9A1E7A4F7556}") = "Convert Text file to HTML file", "03. Text to HTML\Convert Text file to HTML file\Convert Text file to HTML file.csproj", "{E44591F5-6831-485C-9DB9-2D3B3E7B84C5}"
EndProject
Project("{9A19103F-16F7-4668-BE54-9A1E7A4F7556}") = "Convert Text file to HTML string", "03. Text to HTML\Convert Text file to HTML string\Convert Text file to HTML string.csproj", "{2216AB5D-F568-4586-9A92-1D6BB807CD1E}"
EndProject
Project("{9A19103F-16F7-4668-BE54-9A1E7A4F7556}") = "Convert Text string to HTML file", "03. Text to HTML\Convert Text string to HTML file\Convert Text string to HTML file.csproj", "{866BF2DC-3C94-4AB3-A7A1-8CBF1AA04580}"
EndProject
Project("{9A19103F-16F7-4668-BE54-9A1E7A4F7556}") = "Convert Text string to HTML string", "03. Text to HTML\Convert Text string to HTML string\Convert Text string to HTML string.csproj", "{FA08A04F-4008-4CC8-A911-A9BBA823910B}"
EndProject
Project("{9A19103F-16F7-4668-BE54-9A1E7A4F7556}") = "Convert Text to HTML using bytes array", "03. Text to HTML\Convert Text to HTML using bytes array\Convert Text to HTML using bytes array.csproj", "{0D730781-2939-4282-A44A-D2361D416D3C}"
EndProject
Project("{9A19103F-16F7-4668-BE54-9A1E7A4F7556}") = "Convert Text to HTML using MemoryStream", "03. Text to HTML\Convert Text to HTML using MemoryStream\Convert Text to HTML using MemoryStream.csproj", "{BA401D25-567B-472D-98F0-D269DF13B382}"
EndProject
Project("{2150E333-8FDC-42A3-9474-1A3956D46DE8}") = "04. Properties and Settings", "04. Properties and Settings", "{70239916-B320-49B8-8766-17295866043C}"
EndProject
Project("{9A19103F-16F7-4668-BE54-9A1E7A4F7556}") = "Fixed and Flowing HTML", "04. Properties and Settings\01. Fixed and Flowing HTML\Fixed and Flowing HTML.csproj", "{A554C5CA-3610-4305-9249-A24AEDDA4314}"
EndProject
Project("{9A19103F-16F7-4668-BE54-9A1E7A4F7556}") = "Set Title", "04. Properties and Settings\02. Set Title\Set Title.csproj", "{3A18B467-9336-4596-8B9B-69E1A2A52D77}"
EndProject
Project("{9A19103F-16F7-4668-BE54-9A1E7A4F7556}") = "Set HTML version", "04. Properties and Settings\03. Set HTML version\Set HTML version.csproj", "{D1F586C1-5E28-47A1-83E2-59F64BC7B7CB}"
EndProject
Project("{9A19103F-16F7-4668-BE54-9A1E7A4F7556}") = "Set images directory", "04. Properties and Settings\04. Set images directory\Set images directory.csproj", "{2BB31145-861F-4300-BDBD-5C256CB86E98}"
EndProject
Project("{9A19103F-16F7-4668-BE54-9A1E7A4F7556}") = "ImagesSavingCallback", "04. Properties and Settings\05. ImagesSavingCallback - set images name\ImagesSavingCallback.csproj", "{78554915-753A-4A74-A4A5-D3CEED970D37}"
EndProject
Project("{9A19103F-16F7-4668-BE54-9A1E7A4F7556}") = "Produce only HTML body", "04. Properties and Settings\06. Produce only HTML body\Produce only HTML body.csproj", "{C02B56B7-43E4-4E96-896C-B2727509F991}"
EndProject
Project("{9A19103F-16F7-4668-BE54-9A1E7A4F7556}") = "Single font color", "04. Properties and Settings\07. Single font color\Single font color.csproj", "{0E8C849F-5945-4D86-8B97-27D12EC4819D}"
EndProject
Project("{9A19103F-16F7-4668-BE54-9A1E7A4F7556}") = "Single font family", "04. Properties and Settings\08. Single font family\Single font family.csproj", "{EE5B3EAB-E48B-4002-9417-50023422B0BB}"
EndProject
Project("{9A19103F-16F7-4668-BE54-9A1E7A4F7556}") = "Single font size", "04. Properties and Settings\09. Single font size\Single font size.csproj", "{AC7D0C6A-E74E-46F2-8311-4F177F96DEED}"
EndProject
Project("{2150E333-8FDC-42A3-9474-1A3956D46DE8}") = "05. Activation", "05. Activation", "{35413F39-7565-470B-B2D3-8EFC15AA9885}"
EndProject
Project("{9A19103F-16F7-4668-BE54-9A1E7A4F7556}") = "Activation", "05. Activation\Activation.csproj", "{2FB6A2B1-9055-4169-A453-D9144F634382}"
EndProject
Project("{9A19103F-16F7-4668-BE54-9A1E7A4F7556}") = "Embed images in HTML", "04. Properties and Settings\10. Embed images in HTML\Embed images in HTML.csproj", "{D1DF8C55-94FA-4022-A0F2-AC944C8E90E5}"
EndProject
Project("{9A19103F-16F7-4668-BE54-9A1E7A4F7556}") = "Set images format", "04. Properties and Settings\11. Set images format\Set images format.csproj", "{DD80BBAB-556A-4E0B-BA5D-205B247FC8AC}"
EndProject
Project("{9A19103F-16F7-4668-BE54-9A1E7A4F7556}") = "Set jpeg quality", "04. Properties and Settings\12. Set jpeg quality\Set jpeg quality.csproj", "{C5908CE4-CD1C-4402-8B68-960FED5FFDFA}"
EndProject
Project("{9A19103F-16F7-4668-BE54-9A1E7A4F7556}") = "Set Css Stream", "04. Properties and Settings\13. Set Css Stream\Set Css Stream.csproj", "{83ECA256-0C3D-4062-ABF2-68C92E1CBC7F}"
EndProject
Project("{9A19103F-16F7-4668-BE54-9A1E7A4F7556}") = "Page Border", "04. Properties and Settings\14. Page Border\Page Border.csproj", "{7E72CA00-DC1C-44ED-96A8-1B3FF2A34AF8}"
EndProject
Project("{9A19103F-16F7-4668-BE54-9A1E7A4F7556}") = "PageIndex and PageCount", "04. Properties and Settings\15. PageIndex and PageCount\PageIndex and PageCount.csproj", "{71BB85A8-96CD-4FD9-93D1-88DF871B0D48}"
EndProject
Project("{9A19103F-16F7-4668-BE54-9A1E7A4F7556}") = "PageMargins", "04. Properties and Settings\16. PageMargins\PageMargins.csproj", "{CB8E9FA4-77E6-44D7-BB02-6A2C8B4DED8A}"
EndProject
Project("{9A19103F-16F7-4668-BE54-9A1E7A4F7556}") = "SelectedPages", "04. Properties and Settings\17. SelectedPages\SelectedPages.csproj", "{E4498138-1A90-45C1-9A68-0696569EE539}"
EndProject
Project("{9A19103F-16F7-4668-BE54-9A1E7A4F7556}") = "ListExportMode", "04. Properties and Settings\18. ListExportMode\ListExportMode.csproj", "{DA9E6492-08C4-4476-B850-502C5A78A7EE}"
EndProject
Project("{9A19103F-16F7-4668-BE54-9A1E7A4F7556}") = "HeadersFootersExportMode", "04. Properties and Settings\19. HeadersFootersExportMode\HeadersFootersExportMode.csproj", "{0C17B777-4C1D-4F0C-96D8-153A2B57C4E4}"
EndProject
Project("{9A19103F-16F7-4668-BE54-9A1E7A4F7556}") = "BuildNavigationPage", "04. Properties and Settings\20. BuildNavigationPage\BuildNavigationPage.csproj", "{2980BDE8-090E-4ECB-A18B-D0D0A1D7E0FA}"
EndProject
Project("{9A19103F-16F7-4668-BE54-9A1E7A4F7556}") = "SplitCriteria and HeadingLevel", "04. Properties and Settings\21. SplitCriteria and HeadingLevel\SplitCriteria and HeadingLevel.csproj", "{17AA327A-772C-407E-A0D1-F3B7735EF476}"
EndProject
Project("{9A19103F-16F7-4668-BE54-9A1E7A4F7556}") = "NumericCharacterReference", "04. Properties and Settings\22. Use Numeric Character Reference\NumericCharacterReference.csproj", "{9A416561-0CD4-4D55-8A70-1F20CEAD0A3F}"
EndProject
Global
	GlobalSection(SolutionConfigurationPlatforms) = preSolution
		Debug|Any CPU = Debug|Any CPU
		Release|Any CPU = Release|Any CPU
	EndGlobalSection
	GlobalSection(ProjectConfigurationPlatforms) = postSolution
		{9B98571A-179C-4D0A-A5B3-4A948191FB01}.Debug|Any CPU.ActiveCfg = Debug|Any CPU
		{9B98571A-179C-4D0A-A5B3-4A948191FB01}.Debug|Any CPU.Build.0 = Debug|Any CPU
		{9B98571A-179C-4D0A-A5B3-4A948191FB01}.Release|Any CPU.ActiveCfg = Release|Any CPU
		{9B98571A-179C-4D0A-A5B3-4A948191FB01}.Release|Any CPU.Build.0 = Release|Any CPU
		{3025AB79-6A97-49B1-A583-CE1515880D4D}.Debug|Any CPU.ActiveCfg = Debug|Any CPU
		{3025AB79-6A97-49B1-A583-CE1515880D4D}.Debug|Any CPU.Build.0 = Debug|Any CPU
		{3025AB79-6A97-49B1-A583-CE1515880D4D}.Release|Any CPU.ActiveCfg = Release|Any CPU
		{3025AB79-6A97-49B1-A583-CE1515880D4D}.Release|Any CPU.Build.0 = Release|Any CPU
		{34AFA018-3604-462D-8A78-07F0A44E7AF9}.Debug|Any CPU.ActiveCfg = Debug|Any CPU
		{34AFA018-3604-462D-8A78-07F0A44E7AF9}.Debug|Any CPU.Build.0 = Debug|Any CPU
		{34AFA018-3604-462D-8A78-07F0A44E7AF9}.Release|Any CPU.ActiveCfg = Release|Any CPU
		{34AFA018-3604-462D-8A78-07F0A44E7AF9}.Release|Any CPU.Build.0 = Release|Any CPU
		{FE1C42A4-7F81-4FD9-9837-B9AD7E3A809E}.Debug|Any CPU.ActiveCfg = Debug|Any CPU
		{FE1C42A4-7F81-4FD9-9837-B9AD7E3A809E}.Debug|Any CPU.Build.0 = Debug|Any CPU
		{FE1C42A4-7F81-4FD9-9837-B9AD7E3A809E}.Release|Any CPU.ActiveCfg = Release|Any CPU
		{FE1C42A4-7F81-4FD9-9837-B9AD7E3A809E}.Release|Any CPU.Build.0 = Release|Any CPU
		{3F030D33-F3E2-4EC9-963A-17AC2CAABD13}.Debug|Any CPU.ActiveCfg = Debug|Any CPU
		{3F030D33-F3E2-4EC9-963A-17AC2CAABD13}.Debug|Any CPU.Build.0 = Debug|Any CPU
		{3F030D33-F3E2-4EC9-963A-17AC2CAABD13}.Release|Any CPU.ActiveCfg = Release|Any CPU
		{3F030D33-F3E2-4EC9-963A-17AC2CAABD13}.Release|Any CPU.Build.0 = Release|Any CPU
		{564E4B05-6CA5-4810-BDB9-45A068B7CA05}.Debug|Any CPU.ActiveCfg = Debug|Any CPU
		{564E4B05-6CA5-4810-BDB9-45A068B7CA05}.Debug|Any CPU.Build.0 = Debug|Any CPU
		{564E4B05-6CA5-4810-BDB9-45A068B7CA05}.Release|Any CPU.ActiveCfg = Release|Any CPU
		{564E4B05-6CA5-4810-BDB9-45A068B7CA05}.Release|Any CPU.Build.0 = Release|Any CPU
		{970907B2-8821-4C22-A022-C503B2EB94EC}.Debug|Any CPU.ActiveCfg = Debug|Any CPU
		{970907B2-8821-4C22-A022-C503B2EB94EC}.Debug|Any CPU.Build.0 = Debug|Any CPU
		{970907B2-8821-4C22-A022-C503B2EB94EC}.Release|Any CPU.ActiveCfg = Release|Any CPU
		{970907B2-8821-4C22-A022-C503B2EB94EC}.Release|Any CPU.Build.0 = Release|Any CPU
		{C6735594-86F0-4397-902E-A61F31B0A69E}.Debug|Any CPU.ActiveCfg = Debug|Any CPU
		{C6735594-86F0-4397-902E-A61F31B0A69E}.Debug|Any CPU.Build.0 = Debug|Any CPU
		{C6735594-86F0-4397-902E-A61F31B0A69E}.Release|Any CPU.ActiveCfg = Release|Any CPU
		{C6735594-86F0-4397-902E-A61F31B0A69E}.Release|Any CPU.Build.0 = Release|Any CPU
		{A6BA61BA-891A-4AC3-84C1-953DA98A9716}.Debug|Any CPU.ActiveCfg = Debug|Any CPU
		{A6BA61BA-891A-4AC3-84C1-953DA98A9716}.Debug|Any CPU.Build.0 = Debug|Any CPU
		{A6BA61BA-891A-4AC3-84C1-953DA98A9716}.Release|Any CPU.ActiveCfg = Release|Any CPU
		{A6BA61BA-891A-4AC3-84C1-953DA98A9716}.Release|Any CPU.Build.0 = Release|Any CPU
		{C4F735A6-9134-4D06-B1FE-FEB1BA4B3EBE}.Debug|Any CPU.ActiveCfg = Debug|Any CPU
		{C4F735A6-9134-4D06-B1FE-FEB1BA4B3EBE}.Debug|Any CPU.Build.0 = Debug|Any CPU
		{C4F735A6-9134-4D06-B1FE-FEB1BA4B3EBE}.Release|Any CPU.ActiveCfg = Release|Any CPU
		{C4F735A6-9134-4D06-B1FE-FEB1BA4B3EBE}.Release|Any CPU.Build.0 = Release|Any CPU
		{EBE2FE31-63C9-4F42-B727-B546E3524A71}.Debug|Any CPU.ActiveCfg = Debug|Any CPU
		{EBE2FE31-63C9-4F42-B727-B546E3524A71}.Debug|Any CPU.Build.0 = Debug|Any CPU
		{EBE2FE31-63C9-4F42-B727-B546E3524A71}.Release|Any CPU.ActiveCfg = Release|Any CPU
		{EBE2FE31-63C9-4F42-B727-B546E3524A71}.Release|Any CPU.Build.0 = Release|Any CPU
		{3D07D34E-08DC-422E-B6BB-408FF634C896}.Debug|Any CPU.ActiveCfg = Debug|Any CPU
		{3D07D34E-08DC-422E-B6BB-408FF634C896}.Debug|Any CPU.Build.0 = Debug|Any CPU
		{3D07D34E-08DC-422E-B6BB-408FF634C896}.Release|Any CPU.ActiveCfg = Release|Any CPU
		{3D07D34E-08DC-422E-B6BB-408FF634C896}.Release|Any CPU.Build.0 = Release|Any CPU
		{E44591F5-6831-485C-9DB9-2D3B3E7B84C5}.Debug|Any CPU.ActiveCfg = Debug|Any CPU
		{E44591F5-6831-485C-9DB9-2D3B3E7B84C5}.Debug|Any CPU.Build.0 = Debug|Any CPU
		{E44591F5-6831-485C-9DB9-2D3B3E7B84C5}.Release|Any CPU.ActiveCfg = Release|Any CPU
		{E44591F5-6831-485C-9DB9-2D3B3E7B84C5}.Release|Any CPU.Build.0 = Release|Any CPU
		{2216AB5D-F568-4586-9A92-1D6BB807CD1E}.Debug|Any CPU.ActiveCfg = Debug|Any CPU
		{2216AB5D-F568-4586-9A92-1D6BB807CD1E}.Debug|Any CPU.Build.0 = Debug|Any CPU
		{2216AB5D-F568-4586-9A92-1D6BB807CD1E}.Release|Any CPU.ActiveCfg = Release|Any CPU
		{2216AB5D-F568-4586-9A92-1D6BB807CD1E}.Release|Any CPU.Build.0 = Release|Any CPU
		{866BF2DC-3C94-4AB3-A7A1-8CBF1AA04580}.Debug|Any CPU.ActiveCfg = Debug|Any CPU
		{866BF2DC-3C94-4AB3-A7A1-8CBF1AA04580}.Debug|Any CPU.Build.0 = Debug|Any CPU
		{866BF2DC-3C94-4AB3-A7A1-8CBF1AA04580}.Release|Any CPU.ActiveCfg = Release|Any CPU
		{866BF2DC-3C94-4AB3-A7A1-8CBF1AA04580}.Release|Any CPU.Build.0 = Release|Any CPU
		{FA08A04F-4008-4CC8-A911-A9BBA823910B}.Debug|Any CPU.ActiveCfg = Debug|Any CPU
		{FA08A04F-4008-4CC8-A911-A9BBA823910B}.Debug|Any CPU.Build.0 = Debug|Any CPU
		{FA08A04F-4008-4CC8-A911-A9BBA823910B}.Release|Any CPU.ActiveCfg = Release|Any CPU
		{FA08A04F-4008-4CC8-A911-A9BBA823910B}.Release|Any CPU.Build.0 = Release|Any CPU
		{0D730781-2939-4282-A44A-D2361D416D3C}.Debug|Any CPU.ActiveCfg = Debug|Any CPU
		{0D730781-2939-4282-A44A-D2361D416D3C}.Debug|Any CPU.Build.0 = Debug|Any CPU
		{0D730781-2939-4282-A44A-D2361D416D3C}.Release|Any CPU.ActiveCfg = Release|Any CPU
		{0D730781-2939-4282-A44A-D2361D416D3C}.Release|Any CPU.Build.0 = Release|Any CPU
		{BA401D25-567B-472D-98F0-D269DF13B382}.Debug|Any CPU.ActiveCfg = Debug|Any CPU
		{BA401D25-567B-472D-98F0-D269DF13B382}.Debug|Any CPU.Build.0 = Debug|Any CPU
		{BA401D25-567B-472D-98F0-D269DF13B382}.Release|Any CPU.ActiveCfg = Release|Any CPU
		{BA401D25-567B-472D-98F0-D269DF13B382}.Release|Any CPU.Build.0 = Release|Any CPU
		{A554C5CA-3610-4305-9249-A24AEDDA4314}.Debug|Any CPU.ActiveCfg = Debug|Any CPU
		{A554C5CA-3610-4305-9249-A24AEDDA4314}.Debug|Any CPU.Build.0 = Debug|Any CPU
		{A554C5CA-3610-4305-9249-A24AEDDA4314}.Release|Any CPU.ActiveCfg = Release|Any CPU
		{A554C5CA-3610-4305-9249-A24AEDDA4314}.Release|Any CPU.Build.0 = Release|Any CPU
		{3A18B467-9336-4596-8B9B-69E1A2A52D77}.Debug|Any CPU.ActiveCfg = Debug|Any CPU
		{3A18B467-9336-4596-8B9B-69E1A2A52D77}.Debug|Any CPU.Build.0 = Debug|Any CPU
		{3A18B467-9336-4596-8B9B-69E1A2A52D77}.Release|Any CPU.ActiveCfg = Release|Any CPU
		{3A18B467-9336-4596-8B9B-69E1A2A52D77}.Release|Any CPU.Build.0 = Release|Any CPU
		{D1F586C1-5E28-47A1-83E2-59F64BC7B7CB}.Debug|Any CPU.ActiveCfg = Debug|Any CPU
		{D1F586C1-5E28-47A1-83E2-59F64BC7B7CB}.Debug|Any CPU.Build.0 = Debug|Any CPU
		{D1F586C1-5E28-47A1-83E2-59F64BC7B7CB}.Release|Any CPU.ActiveCfg = Release|Any CPU
		{D1F586C1-5E28-47A1-83E2-59F64BC7B7CB}.Release|Any CPU.Build.0 = Release|Any CPU
		{2BB31145-861F-4300-BDBD-5C256CB86E98}.Debug|Any CPU.ActiveCfg = Debug|Any CPU
		{2BB31145-861F-4300-BDBD-5C256CB86E98}.Debug|Any CPU.Build.0 = Debug|Any CPU
		{2BB31145-861F-4300-BDBD-5C256CB86E98}.Release|Any CPU.ActiveCfg = Release|Any CPU
		{2BB31145-861F-4300-BDBD-5C256CB86E98}.Release|Any CPU.Build.0 = Release|Any CPU
		{78554915-753A-4A74-A4A5-D3CEED970D37}.Debug|Any CPU.ActiveCfg = Debug|Any CPU
		{78554915-753A-4A74-A4A5-D3CEED970D37}.Debug|Any CPU.Build.0 = Debug|Any CPU
		{78554915-753A-4A74-A4A5-D3CEED970D37}.Release|Any CPU.ActiveCfg = Release|Any CPU
		{78554915-753A-4A74-A4A5-D3CEED970D37}.Release|Any CPU.Build.0 = Release|Any CPU
		{C02B56B7-43E4-4E96-896C-B2727509F991}.Debug|Any CPU.ActiveCfg = Debug|Any CPU
		{C02B56B7-43E4-4E96-896C-B2727509F991}.Debug|Any CPU.Build.0 = Debug|Any CPU
		{C02B56B7-43E4-4E96-896C-B2727509F991}.Release|Any CPU.ActiveCfg = Release|Any CPU
		{C02B56B7-43E4-4E96-896C-B2727509F991}.Release|Any CPU.Build.0 = Release|Any CPU
		{0E8C849F-5945-4D86-8B97-27D12EC4819D}.Debug|Any CPU.ActiveCfg = Debug|Any CPU
		{0E8C849F-5945-4D86-8B97-27D12EC4819D}.Debug|Any CPU.Build.0 = Debug|Any CPU
		{0E8C849F-5945-4D86-8B97-27D12EC4819D}.Release|Any CPU.ActiveCfg = Release|Any CPU
		{0E8C849F-5945-4D86-8B97-27D12EC4819D}.Release|Any CPU.Build.0 = Release|Any CPU
		{EE5B3EAB-E48B-4002-9417-50023422B0BB}.Debug|Any CPU.ActiveCfg = Debug|Any CPU
		{EE5B3EAB-E48B-4002-9417-50023422B0BB}.Debug|Any CPU.Build.0 = Debug|Any CPU
		{EE5B3EAB-E48B-4002-9417-50023422B0BB}.Release|Any CPU.ActiveCfg = Release|Any CPU
		{EE5B3EAB-E48B-4002-9417-50023422B0BB}.Release|Any CPU.Build.0 = Release|Any CPU
		{AC7D0C6A-E74E-46F2-8311-4F177F96DEED}.Debug|Any CPU.ActiveCfg = Debug|Any CPU
		{AC7D0C6A-E74E-46F2-8311-4F177F96DEED}.Debug|Any CPU.Build.0 = Debug|Any CPU
		{AC7D0C6A-E74E-46F2-8311-4F177F96DEED}.Release|Any CPU.ActiveCfg = Release|Any CPU
		{AC7D0C6A-E74E-46F2-8311-4F177F96DEED}.Release|Any CPU.Build.0 = Release|Any CPU
		{2FB6A2B1-9055-4169-A453-D9144F634382}.Debug|Any CPU.ActiveCfg = Debug|Any CPU
		{2FB6A2B1-9055-4169-A453-D9144F634382}.Debug|Any CPU.Build.0 = Debug|Any CPU
		{2FB6A2B1-9055-4169-A453-D9144F634382}.Release|Any CPU.ActiveCfg = Release|Any CPU
		{2FB6A2B1-9055-4169-A453-D9144F634382}.Release|Any CPU.Build.0 = Release|Any CPU
		{D1DF8C55-94FA-4022-A0F2-AC944C8E90E5}.Debug|Any CPU.ActiveCfg = Debug|Any CPU
		{D1DF8C55-94FA-4022-A0F2-AC944C8E90E5}.Debug|Any CPU.Build.0 = Debug|Any CPU
		{D1DF8C55-94FA-4022-A0F2-AC944C8E90E5}.Release|Any CPU.ActiveCfg = Release|Any CPU
		{D1DF8C55-94FA-4022-A0F2-AC944C8E90E5}.Release|Any CPU.Build.0 = Release|Any CPU
		{DD80BBAB-556A-4E0B-BA5D-205B247FC8AC}.Debug|Any CPU.ActiveCfg = Debug|Any CPU
		{DD80BBAB-556A-4E0B-BA5D-205B247FC8AC}.Debug|Any CPU.Build.0 = Debug|Any CPU
		{DD80BBAB-556A-4E0B-BA5D-205B247FC8AC}.Release|Any CPU.ActiveCfg = Release|Any CPU
		{DD80BBAB-556A-4E0B-BA5D-205B247FC8AC}.Release|Any CPU.Build.0 = Release|Any CPU
		{C5908CE4-CD1C-4402-8B68-960FED5FFDFA}.Debug|Any CPU.ActiveCfg = Debug|Any CPU
		{C5908CE4-CD1C-4402-8B68-960FED5FFDFA}.Debug|Any CPU.Build.0 = Debug|Any CPU
		{C5908CE4-CD1C-4402-8B68-960FED5FFDFA}.Release|Any CPU.ActiveCfg = Release|Any CPU
		{C5908CE4-CD1C-4402-8B68-960FED5FFDFA}.Release|Any CPU.Build.0 = Release|Any CPU
		{83ECA256-0C3D-4062-ABF2-68C92E1CBC7F}.Debug|Any CPU.ActiveCfg = Debug|Any CPU
		{83ECA256-0C3D-4062-ABF2-68C92E1CBC7F}.Debug|Any CPU.Build.0 = Debug|Any CPU
		{83ECA256-0C3D-4062-ABF2-68C92E1CBC7F}.Release|Any CPU.ActiveCfg = Release|Any CPU
		{83ECA256-0C3D-4062-ABF2-68C92E1CBC7F}.Release|Any CPU.Build.0 = Release|Any CPU
		{7E72CA00-DC1C-44ED-96A8-1B3FF2A34AF8}.Debug|Any CPU.ActiveCfg = Debug|Any CPU
		{7E72CA00-DC1C-44ED-96A8-1B3FF2A34AF8}.Debug|Any CPU.Build.0 = Debug|Any CPU
		{7E72CA00-DC1C-44ED-96A8-1B3FF2A34AF8}.Release|Any CPU.ActiveCfg = Release|Any CPU
		{7E72CA00-DC1C-44ED-96A8-1B3FF2A34AF8}.Release|Any CPU.Build.0 = Release|Any CPU
		{71BB85A8-96CD-4FD9-93D1-88DF871B0D48}.Debug|Any CPU.ActiveCfg = Debug|Any CPU
		{71BB85A8-96CD-4FD9-93D1-88DF871B0D48}.Debug|Any CPU.Build.0 = Debug|Any CPU
		{71BB85A8-96CD-4FD9-93D1-88DF871B0D48}.Release|Any CPU.ActiveCfg = Release|Any CPU
		{71BB85A8-96CD-4FD9-93D1-88DF871B0D48}.Release|Any CPU.Build.0 = Release|Any CPU
		{CB8E9FA4-77E6-44D7-BB02-6A2C8B4DED8A}.Debug|Any CPU.ActiveCfg = Debug|Any CPU
		{CB8E9FA4-77E6-44D7-BB02-6A2C8B4DED8A}.Debug|Any CPU.Build.0 = Debug|Any CPU
		{CB8E9FA4-77E6-44D7-BB02-6A2C8B4DED8A}.Release|Any CPU.ActiveCfg = Release|Any CPU
		{CB8E9FA4-77E6-44D7-BB02-6A2C8B4DED8A}.Release|Any CPU.Build.0 = Release|Any CPU
		{E4498138-1A90-45C1-9A68-0696569EE539}.Debug|Any CPU.ActiveCfg = Debug|Any CPU
		{E4498138-1A90-45C1-9A68-0696569EE539}.Debug|Any CPU.Build.0 = Debug|Any CPU
		{E4498138-1A90-45C1-9A68-0696569EE539}.Release|Any CPU.ActiveCfg = Release|Any CPU
		{E4498138-1A90-45C1-9A68-0696569EE539}.Release|Any CPU.Build.0 = Release|Any CPU
		{DA9E6492-08C4-4476-B850-502C5A78A7EE}.Debug|Any CPU.ActiveCfg = Debug|Any CPU
		{DA9E6492-08C4-4476-B850-502C5A78A7EE}.Debug|Any CPU.Build.0 = Debug|Any CPU
		{DA9E6492-08C4-4476-B850-502C5A78A7EE}.Release|Any CPU.ActiveCfg = Release|Any CPU
		{DA9E6492-08C4-4476-B850-502C5A78A7EE}.Release|Any CPU.Build.0 = Release|Any CPU
		{0C17B777-4C1D-4F0C-96D8-153A2B57C4E4}.Debug|Any CPU.ActiveCfg = Debug|Any CPU
		{0C17B777-4C1D-4F0C-96D8-153A2B57C4E4}.Debug|Any CPU.Build.0 = Debug|Any CPU
		{0C17B777-4C1D-4F0C-96D8-153A2B57C4E4}.Release|Any CPU.ActiveCfg = Release|Any CPU
		{0C17B777-4C1D-4F0C-96D8-153A2B57C4E4}.Release|Any CPU.Build.0 = Release|Any CPU
		{2980BDE8-090E-4ECB-A18B-D0D0A1D7E0FA}.Debug|Any CPU.ActiveCfg = Debug|Any CPU
		{2980BDE8-090E-4ECB-A18B-D0D0A1D7E0FA}.Debug|Any CPU.Build.0 = Debug|Any CPU
		{2980BDE8-090E-4ECB-A18B-D0D0A1D7E0FA}.Release|Any CPU.ActiveCfg = Release|Any CPU
		{2980BDE8-090E-4ECB-A18B-D0D0A1D7E0FA}.Release|Any CPU.Build.0 = Release|Any CPU
		{17AA327A-772C-407E-A0D1-F3B7735EF476}.Debug|Any CPU.ActiveCfg = Debug|Any CPU
		{17AA327A-772C-407E-A0D1-F3B7735EF476}.Debug|Any CPU.Build.0 = Debug|Any CPU
		{17AA327A-772C-407E-A0D1-F3B7735EF476}.Release|Any CPU.ActiveCfg = Release|Any CPU
		{17AA327A-772C-407E-A0D1-F3B7735EF476}.Release|Any CPU.Build.0 = Release|Any CPU
		{9A416561-0CD4-4D55-8A70-1F20CEAD0A3F}.Debug|Any CPU.ActiveCfg = Debug|Any CPU
		{9A416561-0CD4-4D55-8A70-1F20CEAD0A3F}.Debug|Any CPU.Build.0 = Debug|Any CPU
		{9A416561-0CD4-4D55-8A70-1F20CEAD0A3F}.Release|Any CPU.ActiveCfg = Release|Any CPU
		{9A416561-0CD4-4D55-8A70-1F20CEAD0A3F}.Release|Any CPU.Build.0 = Release|Any CPU
	EndGlobalSection
	GlobalSection(SolutionProperties) = preSolution
		HideSolutionNode = FALSE
	EndGlobalSection
	GlobalSection(NestedProjects) = preSolution
		{9B98571A-179C-4D0A-A5B3-4A948191FB01} = {A646CCE9-55F9-4F09-8A4B-A6C19FA8A75A}
		{3025AB79-6A97-49B1-A583-CE1515880D4D} = {A646CCE9-55F9-4F09-8A4B-A6C19FA8A75A}
		{34AFA018-3604-462D-8A78-07F0A44E7AF9} = {A646CCE9-55F9-4F09-8A4B-A6C19FA8A75A}
		{FE1C42A4-7F81-4FD9-9837-B9AD7E3A809E} = {A646CCE9-55F9-4F09-8A4B-A6C19FA8A75A}
		{3F030D33-F3E2-4EC9-963A-17AC2CAABD13} = {A646CCE9-55F9-4F09-8A4B-A6C19FA8A75A}
		{564E4B05-6CA5-4810-BDB9-45A068B7CA05} = {A646CCE9-55F9-4F09-8A4B-A6C19FA8A75A}
		{970907B2-8821-4C22-A022-C503B2EB94EC} = {512417B3-D323-41B5-A5B0-61489B0C4014}
		{C6735594-86F0-4397-902E-A61F31B0A69E} = {512417B3-D323-41B5-A5B0-61489B0C4014}
		{A6BA61BA-891A-4AC3-84C1-953DA98A9716} = {512417B3-D323-41B5-A5B0-61489B0C4014}
		{C4F735A6-9134-4D06-B1FE-FEB1BA4B3EBE} = {512417B3-D323-41B5-A5B0-61489B0C4014}
		{EBE2FE31-63C9-4F42-B727-B546E3524A71} = {512417B3-D323-41B5-A5B0-61489B0C4014}
		{3D07D34E-08DC-422E-B6BB-408FF634C896} = {512417B3-D323-41B5-A5B0-61489B0C4014}
		{E44591F5-6831-485C-9DB9-2D3B3E7B84C5} = {28C98B0F-00D1-4BDF-9A80-65A5CBE49329}
		{2216AB5D-F568-4586-9A92-1D6BB807CD1E} = {28C98B0F-00D1-4BDF-9A80-65A5CBE49329}
		{866BF2DC-3C94-4AB3-A7A1-8CBF1AA04580} = {28C98B0F-00D1-4BDF-9A80-65A5CBE49329}
		{FA08A04F-4008-4CC8-A911-A9BBA823910B} = {28C98B0F-00D1-4BDF-9A80-65A5CBE49329}
		{0D730781-2939-4282-A44A-D2361D416D3C} = {28C98B0F-00D1-4BDF-9A80-65A5CBE49329}
		{BA401D25-567B-472D-98F0-D269DF13B382} = {28C98B0F-00D1-4BDF-9A80-65A5CBE49329}
		{A554C5CA-3610-4305-9249-A24AEDDA4314} = {70239916-B320-49B8-8766-17295866043C}
		{3A18B467-9336-4596-8B9B-69E1A2A52D77} = {70239916-B320-49B8-8766-17295866043C}
		{D1F586C1-5E28-47A1-83E2-59F64BC7B7CB} = {70239916-B320-49B8-8766-17295866043C}
		{2BB31145-861F-4300-BDBD-5C256CB86E98} = {70239916-B320-49B8-8766-17295866043C}
		{78554915-753A-4A74-A4A5-D3CEED970D37} = {70239916-B320-49B8-8766-17295866043C}
		{C02B56B7-43E4-4E96-896C-B2727509F991} = {70239916-B320-49B8-8766-17295866043C}
		{0E8C849F-5945-4D86-8B97-27D12EC4819D} = {70239916-B320-49B8-8766-17295866043C}
		{EE5B3EAB-E48B-4002-9417-50023422B0BB} = {70239916-B320-49B8-8766-17295866043C}
		{AC7D0C6A-E74E-46F2-8311-4F177F96DEED} = {70239916-B320-49B8-8766-17295866043C}
		{2FB6A2B1-9055-4169-A453-D9144F634382} = {35413F39-7565-470B-B2D3-8EFC15AA9885}
		{D1DF8C55-94FA-4022-A0F2-AC944C8E90E5} = {70239916-B320-49B8-8766-17295866043C}
		{DD80BBAB-556A-4E0B-BA5D-205B247FC8AC} = {70239916-B320-49B8-8766-17295866043C}
		{C5908CE4-CD1C-4402-8B68-960FED5FFDFA} = {70239916-B320-49B8-8766-17295866043C}
		{83ECA256-0C3D-4062-ABF2-68C92E1CBC7F} = {70239916-B320-49B8-8766-17295866043C}
		{7E72CA00-DC1C-44ED-96A8-1B3FF2A34AF8} = {70239916-B320-49B8-8766-17295866043C}
		{71BB85A8-96CD-4FD9-93D1-88DF871B0D48} = {70239916-B320-49B8-8766-17295866043C}
		{CB8E9FA4-77E6-44D7-BB02-6A2C8B4DED8A} = {70239916-B320-49B8-8766-17295866043C}
		{E4498138-1A90-45C1-9A68-0696569EE539} = {70239916-B320-49B8-8766-17295866043C}
		{DA9E6492-08C4-4476-B850-502C5A78A7EE} = {70239916-B320-49B8-8766-17295866043C}
		{0C17B777-4C1D-4F0C-96D8-153A2B57C4E4} = {70239916-B320-49B8-8766-17295866043C}
		{2980BDE8-090E-4ECB-A18B-D0D0A1D7E0FA} = {70239916-B320-49B8-8766-17295866043C}
		{17AA327A-772C-407E-A0D1-F3B7735EF476} = {70239916-B320-49B8-8766-17295866043C}
		{9A416561-0CD4-4D55-8A70-1F20CEAD0A3F} = {70239916-B320-49B8-8766-17295866043C}
	EndGlobalSection
	GlobalSection(ExtensibilityGlobals) = postSolution
		SolutionGuid = {FA8ABC92-81F8-4919-A27E-A00307248FFA}
	EndGlobalSection
EndGlobal
