
Microsoft Visual Studio Solution File, Format Version 12.00
# Visual Studio Version 17
VisualStudioVersion = 17.2.32630.192
MinimumVisualStudioVersion = 10.0.40219.1
Project("{2150E333-8FDC-42A3-9474-1A3956D46DE8}") = "01. RTF to HTML", "01. RTF to HTML", "{88014F2C-F425-47EA-A40C-3359962EC643}"
EndProject
Project("{778DAE3C-4631-46EA-AA77-85C1314464D9}") = "Convert RTF file to HTML file", "01. RTF to HTML\Convert RTF file to HTML file\Convert RTF file to HTML file.vbproj", "{CEED7A99-0F1A-4387-B724-E2DEBB4AD657}"
EndProject
Project("{778DAE3C-4631-46EA-AA77-85C1314464D9}") = "Convert RTF file to HTML string", "01. RTF to HTML\Convert RTF file to HTML string\Convert RTF file to HTML string.vbproj", "{B15CF11E-F47E-4BD2-8420-E26C4DE01147}"
EndProject
Project("{778DAE3C-4631-46EA-AA77-85C1314464D9}") = "Convert RTF string to HTML file", "01. RTF to HTML\Convert RTF string to HTML file\Convert RTF string to HTML file.vbproj", "{EB3F6F9E-2477-44F4-B308-D5895EE41888}"
EndProject
Project("{778DAE3C-4631-46EA-AA77-85C1314464D9}") = "Convert RTF string to HTML string", "01. RTF to HTML\Convert RTF string to HTML string\Convert RTF string to HTML string.vbproj", "{43A08E15-BBC8-4222-93E7-9B012A70817C}"
EndProject
Project("{778DAE3C-4631-46EA-AA77-85C1314464D9}") = "Convert RTF to HTML using bytes array", "01. RTF to HTML\Convert RTF to HTML using bytes array\Convert RTF to HTML using bytes array.vbproj", "{A1AC695B-1766-4F7E-8118-9BFBCF54803B}"
EndProject
Project("{778DAE3C-4631-46EA-AA77-85C1314464D9}") = "Convert RTF to HTML using MemoryStream", "01. RTF to HTML\Convert RTF to HTML using MemoryStream\Convert RTF to HTML using MemoryStream.vbproj", "{D12B30BD-C59C-4D25-B17A-B627EC2BCCCC}"
EndProject
Project("{2150E333-8FDC-42A3-9474-1A3956D46DE8}") = "02. DOCX to HTML", "02. DOCX to HTML", "{C5C0EB5A-6DAF-41C6-85F1-42666C976CCD}"
EndProject
Project("{778DAE3C-4631-46EA-AA77-85C1314464D9}") = "Convert DOCX bytes to HTML file", "02. DOCX to HTML\Convert DOCX bytes to HTML file\Convert DOCX bytes to HTML file.vbproj", "{26450AF4-9C75-48D6-9C35-6AEEB27688E5}"
EndProject
Project("{778DAE3C-4631-46EA-AA77-85C1314464D9}") = "Convert DOCX bytes to HTML string", "02. DOCX to HTML\Convert DOCX bytes to HTML string\Convert DOCX bytes to HTML string.vbproj", "{FDADB455-9FA7-4B8C-A054-E0C9EA2FE82A}"
EndProject
Project("{778DAE3C-4631-46EA-AA77-85C1314464D9}") = "Convert DOCX file to HTML file", "02. DOCX to HTML\Convert DOCX file to HTML file\Convert DOCX file to HTML file.vbproj", "{93DBD654-9D15-417F-B5A4-62D718B0BEA7}"
EndProject
Project("{778DAE3C-4631-46EA-AA77-85C1314464D9}") = "Convert DOCX file to HTML string", "02. DOCX to HTML\Convert DOCX file to HTML string\Convert DOCX file to HTML string.vbproj", "{1E76CAE9-F6DD-45E0-8DB3-38736379B53D}"
EndProject
Project("{778DAE3C-4631-46EA-AA77-85C1314464D9}") = "Convert DOCX to HTML using bytes array", "02. DOCX to HTML\Convert DOCX to HTML using bytes array\Convert DOCX to HTML using bytes array.vbproj", "{B7DEB746-7F25-4A94-B877-B7D2BB6E854A}"
EndProject
Project("{778DAE3C-4631-46EA-AA77-85C1314464D9}") = "Convert DOCX to HTML using MemoryStream", "02. DOCX to HTML\Convert DOCX to HTML using MemoryStream\Convert DOCX to HTML using MemoryStream.vbproj", "{AA517CCE-668B-46AA-BE90-9832C6963A63}"
EndProject
Project("{2150E333-8FDC-42A3-9474-1A3956D46DE8}") = "03. Text to HTML", "03. Text to HTML", "{CC215F1E-651A-44EF-8921-8338AD12FFA7}"
EndProject
Project("{778DAE3C-4631-46EA-AA77-85C1314464D9}") = "Convert Text file to HTML file", "03. Text to HTML\Convert Text file to HTML file\Convert Text file to HTML file.vbproj", "{23AC5A07-705B-4A2D-8312-BDF4DDA0CDDD}"
EndProject
Project("{778DAE3C-4631-46EA-AA77-85C1314464D9}") = "Convert Text file to HTML string", "03. Text to HTML\Convert Text file to HTML string\Convert Text file to HTML string.vbproj", "{D9EF1ED9-4E0D-4A64-BE7F-51EDE8668A14}"
EndProject
Project("{778DAE3C-4631-46EA-AA77-85C1314464D9}") = "Convert Text string to HTML file", "03. Text to HTML\Convert Text string to HTML file\Convert Text string to HTML file.vbproj", "{44E755E1-D915-4269-A69E-EF09B55D7BF3}"
EndProject
Project("{778DAE3C-4631-46EA-AA77-85C1314464D9}") = "Convert Text string to HTML string", "03. Text to HTML\Convert Text string to HTML string\Convert Text string to HTML string.vbproj", "{FF168E00-5445-401F-B71E-4075AEEC006F}"
EndProject
Project("{778DAE3C-4631-46EA-AA77-85C1314464D9}") = "Convert Text to HTML using bytes array", "03. Text to HTML\Convert Text to HTML using bytes array\Convert Text to HTML using bytes array.vbproj", "{2A52A58E-91F0-4CC4-999B-78425D80EDF8}"
EndProject
Project("{778DAE3C-4631-46EA-AA77-85C1314464D9}") = "Convert Text to HTML using MemoryStream", "03. Text to HTML\Convert Text to HTML using MemoryStream\Convert Text to HTML using MemoryStream.vbproj", "{5E0BCF33-6DD7-4844-9655-BA3BF5029134}"
EndProject
Project("{2150E333-8FDC-42A3-9474-1A3956D46DE8}") = "04. Properties and Settings", "04. Properties and Settings", "{807CA489-B49E-4BA9-A99E-0EA914E76CAE}"
EndProject
Project("{778DAE3C-4631-46EA-AA77-85C1314464D9}") = "Fixed and Flowing HTML", "04. Properties and Settings\01. Fixed and Flowing HTML\Fixed and Flowing HTML.vbproj", "{1AF7C2CE-DD04-466D-A0AE-44D640766CF4}"
EndProject
Project("{778DAE3C-4631-46EA-AA77-85C1314464D9}") = "Set Title", "04. Properties and Settings\02. Set Title\Set Title.vbproj", "{411C597A-31E9-4171-ADFE-991CFC4A254F}"
EndProject
Project("{778DAE3C-4631-46EA-AA77-85C1314464D9}") = "Set HTML version", "04. Properties and Settings\03. Set HTML version\Set HTML version.vbproj", "{3BE1980F-68B2-417C-923A-D1B22484263C}"
EndProject
Project("{778DAE3C-4631-46EA-AA77-85C1314464D9}") = "Set images directory", "04. Properties and Settings\04. Set images directory\Set images directory.vbproj", "{65922770-3147-4308-BCF5-EB5304975C9B}"
EndProject
Project("{778DAE3C-4631-46EA-AA77-85C1314464D9}") = "ImagesSavingCallback", "04. Properties and Settings\05. ImagesSavingCallback - set images name\ImagesSavingCallback.vbproj", "{78F2D217-FB36-40BC-81EC-ED49C9F31CF7}"
EndProject
Project("{778DAE3C-4631-46EA-AA77-85C1314464D9}") = "Produce only HTML body", "04. Properties and Settings\06. Produce only HTML body\Produce only HTML body.vbproj", "{EC28E2D7-BA1A-4BA4-953A-09AC21199BD0}"
EndProject
Project("{778DAE3C-4631-46EA-AA77-85C1314464D9}") = "Single font color", "04. Properties and Settings\07. Single font color\Single font color.vbproj", "{404C6590-E3C2-4E95-90AF-AC394A19603C}"
EndProject
Project("{778DAE3C-4631-46EA-AA77-85C1314464D9}") = "Single font family", "04. Properties and Settings\08. Single font family\Single font family.vbproj", "{077B5CD6-467D-4731-92FE-2DD22A75BA31}"
EndProject
Project("{778DAE3C-4631-46EA-AA77-85C1314464D9}") = "Single font size", "04. Properties and Settings\09. Single font size\Single font size.vbproj", "{181D5C7D-5861-4495-913B-9B57575F888C}"
EndProject
Project("{2150E333-8FDC-42A3-9474-1A3956D46DE8}") = "05. Activation", "05. Activation", "{B17A2C51-347F-4A6B-A771-048078656078}"
EndProject
Project("{778DAE3C-4631-46EA-AA77-85C1314464D9}") = "Activation", "05. Activation\Activation.vbproj", "{D33192D8-9FB5-4EF2-A36A-61CDCAECDE06}"
EndProject
Project("{778DAE3C-4631-46EA-AA77-85C1314464D9}") = "Embed images in HTML", "04. Properties and Settings\10. Embed images in HTML\Embed images in HTML.vbproj", "{4DB36909-1B1D-4DA7-A7D5-8565C8C4EC63}"
EndProject
Project("{778DAE3C-4631-46EA-AA77-85C1314464D9}") = "Set images format", "04. Properties and Settings\11. Set images format\Set images format.vbproj", "{0582BA6F-F63A-4D8F-956B-84BD85C66953}"
EndProject
Project("{778DAE3C-4631-46EA-AA77-85C1314464D9}") = "Set jpeg quality", "04. Properties and Settings\12. Set jpeg quality\Set jpeg quality.vbproj", "{C0F01C6F-AE68-4759-90ED-2842546B6EED}"
EndProject
Project("{778DAE3C-4631-46EA-AA77-85C1314464D9}") = "Set Css Stream", "04. Properties and Settings\13. Set Css Stream\Set Css Stream.vbproj", "{AE057C5F-E87E-4E00-B643-4614DA09D029}"
EndProject
Project("{778DAE3C-4631-46EA-AA77-85C1314464D9}") = "Page Border", "04. Properties and Settings\14. Page Border\Page Border.vbproj", "{2253990F-CFAC-4B87-9924-03F61B47CC4E}"
EndProject
Project("{778DAE3C-4631-46EA-AA77-85C1314464D9}") = "PageIndex and PageCount", "04. Properties and Settings\15. PageIndex and PageCount\PageIndex and PageCount.vbproj", "{566DDC9E-2D66-4914-B86F-9F9823DA2373}"
EndProject
Project("{778DAE3C-4631-46EA-AA77-85C1314464D9}") = "PageMargins", "04. Properties and Settings\16. PageMargins\PageMargins.vbproj", "{7C089A26-529D-47C6-9FC5-54EB8F8FA413}"
EndProject
Project("{778DAE3C-4631-46EA-AA77-85C1314464D9}") = "SelectedPages", "04. Properties and Settings\17. SelectedPages\SelectedPages.vbproj", "{7FD6110A-CB12-49DA-A591-1D984FCFB338}"
EndProject
Project("{778DAE3C-4631-46EA-AA77-85C1314464D9}") = "ListExportMode", "04. Properties and Settings\18. ListExportMode\ListExportMode.vbproj", "{A7BE379D-CB4D-4219-ACA9-FF339029ACD6}"
EndProject
Project("{778DAE3C-4631-46EA-AA77-85C1314464D9}") = "HeadersFootersExportMode", "04. Properties and Settings\19. HeadersFootersExportMode\HeadersFootersExportMode.vbproj", "{AE68E997-8D1A-4D76-A896-D64CB44AE702}"
EndProject
Project("{778DAE3C-4631-46EA-AA77-85C1314464D9}") = "BuildNavigationPage", "04. Properties and Settings\20. BuildNavigationPage\BuildNavigationPage.vbproj", "{BCBA6D9A-7B97-48AB-9076-7520434C7981}"
EndProject
Project("{778DAE3C-4631-46EA-AA77-85C1314464D9}") = "SplitCriteria and HeadingLevel", "04. Properties and Settings\21. SplitCriteria and HeadingLevel\SplitCriteria and HeadingLevel.vbproj", "{E40B988A-E7C4-40BB-8E88-B258DF17B48F}"
EndProject
Project("{778DAE3C-4631-46EA-AA77-85C1314464D9}") = "NumericCharacterReference", "04. Properties and Settings\22. Use Numeric Character Reference\NumericCharacterReference.vbproj", "{64541973-7DCE-4A33-A1A1-F4A3A043722A}"
EndProject
Global
	GlobalSection(SolutionConfigurationPlatforms) = preSolution
		Debug|Any CPU = Debug|Any CPU
		Release|Any CPU = Release|Any CPU
	EndGlobalSection
	GlobalSection(ProjectConfigurationPlatforms) = postSolution
		{CEED7A99-0F1A-4387-B724-E2DEBB4AD657}.Debug|Any CPU.ActiveCfg = Debug|Any CPU
		{CEED7A99-0F1A-4387-B724-E2DEBB4AD657}.Debug|Any CPU.Build.0 = Debug|Any CPU
		{CEED7A99-0F1A-4387-B724-E2DEBB4AD657}.Release|Any CPU.ActiveCfg = Release|Any CPU
		{CEED7A99-0F1A-4387-B724-E2DEBB4AD657}.Release|Any CPU.Build.0 = Release|Any CPU
		{B15CF11E-F47E-4BD2-8420-E26C4DE01147}.Debug|Any CPU.ActiveCfg = Debug|Any CPU
		{B15CF11E-F47E-4BD2-8420-E26C4DE01147}.Debug|Any CPU.Build.0 = Debug|Any CPU
		{B15CF11E-F47E-4BD2-8420-E26C4DE01147}.Release|Any CPU.ActiveCfg = Release|Any CPU
		{B15CF11E-F47E-4BD2-8420-E26C4DE01147}.Release|Any CPU.Build.0 = Release|Any CPU
		{EB3F6F9E-2477-44F4-B308-D5895EE41888}.Debug|Any CPU.ActiveCfg = Debug|Any CPU
		{EB3F6F9E-2477-44F4-B308-D5895EE41888}.Debug|Any CPU.Build.0 = Debug|Any CPU
		{EB3F6F9E-2477-44F4-B308-D5895EE41888}.Release|Any CPU.ActiveCfg = Release|Any CPU
		{EB3F6F9E-2477-44F4-B308-D5895EE41888}.Release|Any CPU.Build.0 = Release|Any CPU
		{43A08E15-BBC8-4222-93E7-9B012A70817C}.Debug|Any CPU.ActiveCfg = Debug|Any CPU
		{43A08E15-BBC8-4222-93E7-9B012A70817C}.Debug|Any CPU.Build.0 = Debug|Any CPU
		{43A08E15-BBC8-4222-93E7-9B012A70817C}.Release|Any CPU.ActiveCfg = Release|Any CPU
		{43A08E15-BBC8-4222-93E7-9B012A70817C}.Release|Any CPU.Build.0 = Release|Any CPU
		{A1AC695B-1766-4F7E-8118-9BFBCF54803B}.Debug|Any CPU.ActiveCfg = Debug|Any CPU
		{A1AC695B-1766-4F7E-8118-9BFBCF54803B}.Debug|Any CPU.Build.0 = Debug|Any CPU
		{A1AC695B-1766-4F7E-8118-9BFBCF54803B}.Release|Any CPU.ActiveCfg = Release|Any CPU
		{A1AC695B-1766-4F7E-8118-9BFBCF54803B}.Release|Any CPU.Build.0 = Release|Any CPU
		{D12B30BD-C59C-4D25-B17A-B627EC2BCCCC}.Debug|Any CPU.ActiveCfg = Debug|Any CPU
		{D12B30BD-C59C-4D25-B17A-B627EC2BCCCC}.Debug|Any CPU.Build.0 = Debug|Any CPU
		{D12B30BD-C59C-4D25-B17A-B627EC2BCCCC}.Release|Any CPU.ActiveCfg = Release|Any CPU
		{D12B30BD-C59C-4D25-B17A-B627EC2BCCCC}.Release|Any CPU.Build.0 = Release|Any CPU
		{26450AF4-9C75-48D6-9C35-6AEEB27688E5}.Debug|Any CPU.ActiveCfg = Debug|Any CPU
		{26450AF4-9C75-48D6-9C35-6AEEB27688E5}.Debug|Any CPU.Build.0 = Debug|Any CPU
		{26450AF4-9C75-48D6-9C35-6AEEB27688E5}.Release|Any CPU.ActiveCfg = Release|Any CPU
		{26450AF4-9C75-48D6-9C35-6AEEB27688E5}.Release|Any CPU.Build.0 = Release|Any CPU
		{FDADB455-9FA7-4B8C-A054-E0C9EA2FE82A}.Debug|Any CPU.ActiveCfg = Debug|Any CPU
		{FDADB455-9FA7-4B8C-A054-E0C9EA2FE82A}.Debug|Any CPU.Build.0 = Debug|Any CPU
		{FDADB455-9FA7-4B8C-A054-E0C9EA2FE82A}.Release|Any CPU.ActiveCfg = Release|Any CPU
		{FDADB455-9FA7-4B8C-A054-E0C9EA2FE82A}.Release|Any CPU.Build.0 = Release|Any CPU
		{93DBD654-9D15-417F-B5A4-62D718B0BEA7}.Debug|Any CPU.ActiveCfg = Debug|Any CPU
		{93DBD654-9D15-417F-B5A4-62D718B0BEA7}.Debug|Any CPU.Build.0 = Debug|Any CPU
		{93DBD654-9D15-417F-B5A4-62D718B0BEA7}.Release|Any CPU.ActiveCfg = Release|Any CPU
		{93DBD654-9D15-417F-B5A4-62D718B0BEA7}.Release|Any CPU.Build.0 = Release|Any CPU
		{1E76CAE9-F6DD-45E0-8DB3-38736379B53D}.Debug|Any CPU.ActiveCfg = Debug|Any CPU
		{1E76CAE9-F6DD-45E0-8DB3-38736379B53D}.Debug|Any CPU.Build.0 = Debug|Any CPU
		{1E76CAE9-F6DD-45E0-8DB3-38736379B53D}.Release|Any CPU.ActiveCfg = Release|Any CPU
		{1E76CAE9-F6DD-45E0-8DB3-38736379B53D}.Release|Any CPU.Build.0 = Release|Any CPU
		{B7DEB746-7F25-4A94-B877-B7D2BB6E854A}.Debug|Any CPU.ActiveCfg = Debug|Any CPU
		{B7DEB746-7F25-4A94-B877-B7D2BB6E854A}.Debug|Any CPU.Build.0 = Debug|Any CPU
		{B7DEB746-7F25-4A94-B877-B7D2BB6E854A}.Release|Any CPU.ActiveCfg = Release|Any CPU
		{B7DEB746-7F25-4A94-B877-B7D2BB6E854A}.Release|Any CPU.Build.0 = Release|Any CPU
		{AA517CCE-668B-46AA-BE90-9832C6963A63}.Debug|Any CPU.ActiveCfg = Debug|Any CPU
		{AA517CCE-668B-46AA-BE90-9832C6963A63}.Debug|Any CPU.Build.0 = Debug|Any CPU
		{AA517CCE-668B-46AA-BE90-9832C6963A63}.Release|Any CPU.ActiveCfg = Release|Any CPU
		{AA517CCE-668B-46AA-BE90-9832C6963A63}.Release|Any CPU.Build.0 = Release|Any CPU
		{23AC5A07-705B-4A2D-8312-BDF4DDA0CDDD}.Debug|Any CPU.ActiveCfg = Debug|Any CPU
		{23AC5A07-705B-4A2D-8312-BDF4DDA0CDDD}.Debug|Any CPU.Build.0 = Debug|Any CPU
		{23AC5A07-705B-4A2D-8312-BDF4DDA0CDDD}.Release|Any CPU.ActiveCfg = Release|Any CPU
		{23AC5A07-705B-4A2D-8312-BDF4DDA0CDDD}.Release|Any CPU.Build.0 = Release|Any CPU
		{D9EF1ED9-4E0D-4A64-BE7F-51EDE8668A14}.Debug|Any CPU.ActiveCfg = Debug|Any CPU
		{D9EF1ED9-4E0D-4A64-BE7F-51EDE8668A14}.Debug|Any CPU.Build.0 = Debug|Any CPU
		{D9EF1ED9-4E0D-4A64-BE7F-51EDE8668A14}.Release|Any CPU.ActiveCfg = Release|Any CPU
		{D9EF1ED9-4E0D-4A64-BE7F-51EDE8668A14}.Release|Any CPU.Build.0 = Release|Any CPU
		{44E755E1-D915-4269-A69E-EF09B55D7BF3}.Debug|Any CPU.ActiveCfg = Debug|Any CPU
		{44E755E1-D915-4269-A69E-EF09B55D7BF3}.Debug|Any CPU.Build.0 = Debug|Any CPU
		{44E755E1-D915-4269-A69E-EF09B55D7BF3}.Release|Any CPU.ActiveCfg = Release|Any CPU
		{44E755E1-D915-4269-A69E-EF09B55D7BF3}.Release|Any CPU.Build.0 = Release|Any CPU
		{FF168E00-5445-401F-B71E-4075AEEC006F}.Debug|Any CPU.ActiveCfg = Debug|Any CPU
		{FF168E00-5445-401F-B71E-4075AEEC006F}.Debug|Any CPU.Build.0 = Debug|Any CPU
		{FF168E00-5445-401F-B71E-4075AEEC006F}.Release|Any CPU.ActiveCfg = Release|Any CPU
		{FF168E00-5445-401F-B71E-4075AEEC006F}.Release|Any CPU.Build.0 = Release|Any CPU
		{2A52A58E-91F0-4CC4-999B-78425D80EDF8}.Debug|Any CPU.ActiveCfg = Debug|Any CPU
		{2A52A58E-91F0-4CC4-999B-78425D80EDF8}.Debug|Any CPU.Build.0 = Debug|Any CPU
		{2A52A58E-91F0-4CC4-999B-78425D80EDF8}.Release|Any CPU.ActiveCfg = Release|Any CPU
		{2A52A58E-91F0-4CC4-999B-78425D80EDF8}.Release|Any CPU.Build.0 = Release|Any CPU
		{5E0BCF33-6DD7-4844-9655-BA3BF5029134}.Debug|Any CPU.ActiveCfg = Debug|Any CPU
		{5E0BCF33-6DD7-4844-9655-BA3BF5029134}.Debug|Any CPU.Build.0 = Debug|Any CPU
		{5E0BCF33-6DD7-4844-9655-BA3BF5029134}.Release|Any CPU.ActiveCfg = Release|Any CPU
		{5E0BCF33-6DD7-4844-9655-BA3BF5029134}.Release|Any CPU.Build.0 = Release|Any CPU
		{1AF7C2CE-DD04-466D-A0AE-44D640766CF4}.Debug|Any CPU.ActiveCfg = Debug|Any CPU
		{1AF7C2CE-DD04-466D-A0AE-44D640766CF4}.Debug|Any CPU.Build.0 = Debug|Any CPU
		{1AF7C2CE-DD04-466D-A0AE-44D640766CF4}.Release|Any CPU.ActiveCfg = Release|Any CPU
		{1AF7C2CE-DD04-466D-A0AE-44D640766CF4}.Release|Any CPU.Build.0 = Release|Any CPU
		{411C597A-31E9-4171-ADFE-991CFC4A254F}.Debug|Any CPU.ActiveCfg = Debug|Any CPU
		{411C597A-31E9-4171-ADFE-991CFC4A254F}.Debug|Any CPU.Build.0 = Debug|Any CPU
		{411C597A-31E9-4171-ADFE-991CFC4A254F}.Release|Any CPU.ActiveCfg = Release|Any CPU
		{411C597A-31E9-4171-ADFE-991CFC4A254F}.Release|Any CPU.Build.0 = Release|Any CPU
		{3BE1980F-68B2-417C-923A-D1B22484263C}.Debug|Any CPU.ActiveCfg = Debug|Any CPU
		{3BE1980F-68B2-417C-923A-D1B22484263C}.Debug|Any CPU.Build.0 = Debug|Any CPU
		{3BE1980F-68B2-417C-923A-D1B22484263C}.Release|Any CPU.ActiveCfg = Release|Any CPU
		{3BE1980F-68B2-417C-923A-D1B22484263C}.Release|Any CPU.Build.0 = Release|Any CPU
		{65922770-3147-4308-BCF5-EB5304975C9B}.Debug|Any CPU.ActiveCfg = Debug|Any CPU
		{65922770-3147-4308-BCF5-EB5304975C9B}.Debug|Any CPU.Build.0 = Debug|Any CPU
		{65922770-3147-4308-BCF5-EB5304975C9B}.Release|Any CPU.ActiveCfg = Release|Any CPU
		{65922770-3147-4308-BCF5-EB5304975C9B}.Release|Any CPU.Build.0 = Release|Any CPU
		{78F2D217-FB36-40BC-81EC-ED49C9F31CF7}.Debug|Any CPU.ActiveCfg = Debug|Any CPU
		{78F2D217-FB36-40BC-81EC-ED49C9F31CF7}.Debug|Any CPU.Build.0 = Debug|Any CPU
		{78F2D217-FB36-40BC-81EC-ED49C9F31CF7}.Release|Any CPU.ActiveCfg = Release|Any CPU
		{78F2D217-FB36-40BC-81EC-ED49C9F31CF7}.Release|Any CPU.Build.0 = Release|Any CPU
		{EC28E2D7-BA1A-4BA4-953A-09AC21199BD0}.Debug|Any CPU.ActiveCfg = Debug|Any CPU
		{EC28E2D7-BA1A-4BA4-953A-09AC21199BD0}.Debug|Any CPU.Build.0 = Debug|Any CPU
		{EC28E2D7-BA1A-4BA4-953A-09AC21199BD0}.Release|Any CPU.ActiveCfg = Release|Any CPU
		{EC28E2D7-BA1A-4BA4-953A-09AC21199BD0}.Release|Any CPU.Build.0 = Release|Any CPU
		{404C6590-E3C2-4E95-90AF-AC394A19603C}.Debug|Any CPU.ActiveCfg = Debug|Any CPU
		{404C6590-E3C2-4E95-90AF-AC394A19603C}.Debug|Any CPU.Build.0 = Debug|Any CPU
		{404C6590-E3C2-4E95-90AF-AC394A19603C}.Release|Any CPU.ActiveCfg = Release|Any CPU
		{404C6590-E3C2-4E95-90AF-AC394A19603C}.Release|Any CPU.Build.0 = Release|Any CPU
		{077B5CD6-467D-4731-92FE-2DD22A75BA31}.Debug|Any CPU.ActiveCfg = Debug|Any CPU
		{077B5CD6-467D-4731-92FE-2DD22A75BA31}.Debug|Any CPU.Build.0 = Debug|Any CPU
		{077B5CD6-467D-4731-92FE-2DD22A75BA31}.Release|Any CPU.ActiveCfg = Release|Any CPU
		{077B5CD6-467D-4731-92FE-2DD22A75BA31}.Release|Any CPU.Build.0 = Release|Any CPU
		{181D5C7D-5861-4495-913B-9B57575F888C}.Debug|Any CPU.ActiveCfg = Debug|Any CPU
		{181D5C7D-5861-4495-913B-9B57575F888C}.Debug|Any CPU.Build.0 = Debug|Any CPU
		{181D5C7D-5861-4495-913B-9B57575F888C}.Release|Any CPU.ActiveCfg = Release|Any CPU
		{181D5C7D-5861-4495-913B-9B57575F888C}.Release|Any CPU.Build.0 = Release|Any CPU
		{D33192D8-9FB5-4EF2-A36A-61CDCAECDE06}.Debug|Any CPU.ActiveCfg = Debug|Any CPU
		{D33192D8-9FB5-4EF2-A36A-61CDCAECDE06}.Debug|Any CPU.Build.0 = Debug|Any CPU
		{D33192D8-9FB5-4EF2-A36A-61CDCAECDE06}.Release|Any CPU.ActiveCfg = Release|Any CPU
		{D33192D8-9FB5-4EF2-A36A-61CDCAECDE06}.Release|Any CPU.Build.0 = Release|Any CPU
		{4DB36909-1B1D-4DA7-A7D5-8565C8C4EC63}.Debug|Any CPU.ActiveCfg = Debug|Any CPU
		{4DB36909-1B1D-4DA7-A7D5-8565C8C4EC63}.Debug|Any CPU.Build.0 = Debug|Any CPU
		{4DB36909-1B1D-4DA7-A7D5-8565C8C4EC63}.Release|Any CPU.ActiveCfg = Release|Any CPU
		{4DB36909-1B1D-4DA7-A7D5-8565C8C4EC63}.Release|Any CPU.Build.0 = Release|Any CPU
		{0582BA6F-F63A-4D8F-956B-84BD85C66953}.Debug|Any CPU.ActiveCfg = Debug|Any CPU
		{0582BA6F-F63A-4D8F-956B-84BD85C66953}.Debug|Any CPU.Build.0 = Debug|Any CPU
		{0582BA6F-F63A-4D8F-956B-84BD85C66953}.Release|Any CPU.ActiveCfg = Release|Any CPU
		{0582BA6F-F63A-4D8F-956B-84BD85C66953}.Release|Any CPU.Build.0 = Release|Any CPU
		{C0F01C6F-AE68-4759-90ED-2842546B6EED}.Debug|Any CPU.ActiveCfg = Debug|Any CPU
		{C0F01C6F-AE68-4759-90ED-2842546B6EED}.Debug|Any CPU.Build.0 = Debug|Any CPU
		{C0F01C6F-AE68-4759-90ED-2842546B6EED}.Release|Any CPU.ActiveCfg = Release|Any CPU
		{C0F01C6F-AE68-4759-90ED-2842546B6EED}.Release|Any CPU.Build.0 = Release|Any CPU
		{AE057C5F-E87E-4E00-B643-4614DA09D029}.Debug|Any CPU.ActiveCfg = Debug|Any CPU
		{AE057C5F-E87E-4E00-B643-4614DA09D029}.Debug|Any CPU.Build.0 = Debug|Any CPU
		{AE057C5F-E87E-4E00-B643-4614DA09D029}.Release|Any CPU.ActiveCfg = Release|Any CPU
		{AE057C5F-E87E-4E00-B643-4614DA09D029}.Release|Any CPU.Build.0 = Release|Any CPU
		{2253990F-CFAC-4B87-9924-03F61B47CC4E}.Debug|Any CPU.ActiveCfg = Debug|Any CPU
		{2253990F-CFAC-4B87-9924-03F61B47CC4E}.Debug|Any CPU.Build.0 = Debug|Any CPU
		{2253990F-CFAC-4B87-9924-03F61B47CC4E}.Release|Any CPU.ActiveCfg = Release|Any CPU
		{2253990F-CFAC-4B87-9924-03F61B47CC4E}.Release|Any CPU.Build.0 = Release|Any CPU
		{566DDC9E-2D66-4914-B86F-9F9823DA2373}.Debug|Any CPU.ActiveCfg = Debug|Any CPU
		{566DDC9E-2D66-4914-B86F-9F9823DA2373}.Debug|Any CPU.Build.0 = Debug|Any CPU
		{566DDC9E-2D66-4914-B86F-9F9823DA2373}.Release|Any CPU.ActiveCfg = Release|Any CPU
		{566DDC9E-2D66-4914-B86F-9F9823DA2373}.Release|Any CPU.Build.0 = Release|Any CPU
		{7C089A26-529D-47C6-9FC5-54EB8F8FA413}.Debug|Any CPU.ActiveCfg = Debug|Any CPU
		{7C089A26-529D-47C6-9FC5-54EB8F8FA413}.Debug|Any CPU.Build.0 = Debug|Any CPU
		{7C089A26-529D-47C6-9FC5-54EB8F8FA413}.Release|Any CPU.ActiveCfg = Release|Any CPU
		{7C089A26-529D-47C6-9FC5-54EB8F8FA413}.Release|Any CPU.Build.0 = Release|Any CPU
		{7FD6110A-CB12-49DA-A591-1D984FCFB338}.Debug|Any CPU.ActiveCfg = Debug|Any CPU
		{7FD6110A-CB12-49DA-A591-1D984FCFB338}.Debug|Any CPU.Build.0 = Debug|Any CPU
		{7FD6110A-CB12-49DA-A591-1D984FCFB338}.Release|Any CPU.ActiveCfg = Release|Any CPU
		{7FD6110A-CB12-49DA-A591-1D984FCFB338}.Release|Any CPU.Build.0 = Release|Any CPU
		{A7BE379D-CB4D-4219-ACA9-FF339029ACD6}.Debug|Any CPU.ActiveCfg = Debug|Any CPU
		{A7BE379D-CB4D-4219-ACA9-FF339029ACD6}.Debug|Any CPU.Build.0 = Debug|Any CPU
		{A7BE379D-CB4D-4219-ACA9-FF339029ACD6}.Release|Any CPU.ActiveCfg = Release|Any CPU
		{A7BE379D-CB4D-4219-ACA9-FF339029ACD6}.Release|Any CPU.Build.0 = Release|Any CPU
		{AE68E997-8D1A-4D76-A896-D64CB44AE702}.Debug|Any CPU.ActiveCfg = Debug|Any CPU
		{AE68E997-8D1A-4D76-A896-D64CB44AE702}.Debug|Any CPU.Build.0 = Debug|Any CPU
		{AE68E997-8D1A-4D76-A896-D64CB44AE702}.Release|Any CPU.ActiveCfg = Release|Any CPU
		{AE68E997-8D1A-4D76-A896-D64CB44AE702}.Release|Any CPU.Build.0 = Release|Any CPU
		{BCBA6D9A-7B97-48AB-9076-7520434C7981}.Debug|Any CPU.ActiveCfg = Debug|Any CPU
		{BCBA6D9A-7B97-48AB-9076-7520434C7981}.Debug|Any CPU.Build.0 = Debug|Any CPU
		{BCBA6D9A-7B97-48AB-9076-7520434C7981}.Release|Any CPU.ActiveCfg = Release|Any CPU
		{BCBA6D9A-7B97-48AB-9076-7520434C7981}.Release|Any CPU.Build.0 = Release|Any CPU
		{E40B988A-E7C4-40BB-8E88-B258DF17B48F}.Debug|Any CPU.ActiveCfg = Debug|Any CPU
		{E40B988A-E7C4-40BB-8E88-B258DF17B48F}.Debug|Any CPU.Build.0 = Debug|Any CPU
		{E40B988A-E7C4-40BB-8E88-B258DF17B48F}.Release|Any CPU.ActiveCfg = Release|Any CPU
		{E40B988A-E7C4-40BB-8E88-B258DF17B48F}.Release|Any CPU.Build.0 = Release|Any CPU
		{64541973-7DCE-4A33-A1A1-F4A3A043722A}.Debug|Any CPU.ActiveCfg = Debug|Any CPU
		{64541973-7DCE-4A33-A1A1-F4A3A043722A}.Debug|Any CPU.Build.0 = Debug|Any CPU
		{64541973-7DCE-4A33-A1A1-F4A3A043722A}.Release|Any CPU.ActiveCfg = Release|Any CPU
		{64541973-7DCE-4A33-A1A1-F4A3A043722A}.Release|Any CPU.Build.0 = Release|Any CPU
	EndGlobalSection
	GlobalSection(SolutionProperties) = preSolution
		HideSolutionNode = FALSE
	EndGlobalSection
	GlobalSection(NestedProjects) = preSolution
		{CEED7A99-0F1A-4387-B724-E2DEBB4AD657} = {88014F2C-F425-47EA-A40C-3359962EC643}
		{B15CF11E-F47E-4BD2-8420-E26C4DE01147} = {88014F2C-F425-47EA-A40C-3359962EC643}
		{EB3F6F9E-2477-44F4-B308-D5895EE41888} = {88014F2C-F425-47EA-A40C-3359962EC643}
		{43A08E15-BBC8-4222-93E7-9B012A70817C} = {88014F2C-F425-47EA-A40C-3359962EC643}
		{A1AC695B-1766-4F7E-8118-9BFBCF54803B} = {88014F2C-F425-47EA-A40C-3359962EC643}
		{D12B30BD-C59C-4D25-B17A-B627EC2BCCCC} = {88014F2C-F425-47EA-A40C-3359962EC643}
		{26450AF4-9C75-48D6-9C35-6AEEB27688E5} = {C5C0EB5A-6DAF-41C6-85F1-42666C976CCD}
		{FDADB455-9FA7-4B8C-A054-E0C9EA2FE82A} = {C5C0EB5A-6DAF-41C6-85F1-42666C976CCD}
		{93DBD654-9D15-417F-B5A4-62D718B0BEA7} = {C5C0EB5A-6DAF-41C6-85F1-42666C976CCD}
		{1E76CAE9-F6DD-45E0-8DB3-38736379B53D} = {C5C0EB5A-6DAF-41C6-85F1-42666C976CCD}
		{B7DEB746-7F25-4A94-B877-B7D2BB6E854A} = {C5C0EB5A-6DAF-41C6-85F1-42666C976CCD}
		{AA517CCE-668B-46AA-BE90-9832C6963A63} = {C5C0EB5A-6DAF-41C6-85F1-42666C976CCD}
		{23AC5A07-705B-4A2D-8312-BDF4DDA0CDDD} = {CC215F1E-651A-44EF-8921-8338AD12FFA7}
		{D9EF1ED9-4E0D-4A64-BE7F-51EDE8668A14} = {CC215F1E-651A-44EF-8921-8338AD12FFA7}
		{44E755E1-D915-4269-A69E-EF09B55D7BF3} = {CC215F1E-651A-44EF-8921-8338AD12FFA7}
		{FF168E00-5445-401F-B71E-4075AEEC006F} = {CC215F1E-651A-44EF-8921-8338AD12FFA7}
		{2A52A58E-91F0-4CC4-999B-78425D80EDF8} = {CC215F1E-651A-44EF-8921-8338AD12FFA7}
		{5E0BCF33-6DD7-4844-9655-BA3BF5029134} = {CC215F1E-651A-44EF-8921-8338AD12FFA7}
		{1AF7C2CE-DD04-466D-A0AE-44D640766CF4} = {807CA489-B49E-4BA9-A99E-0EA914E76CAE}
		{411C597A-31E9-4171-ADFE-991CFC4A254F} = {807CA489-B49E-4BA9-A99E-0EA914E76CAE}
		{3BE1980F-68B2-417C-923A-D1B22484263C} = {807CA489-B49E-4BA9-A99E-0EA914E76CAE}
		{65922770-3147-4308-BCF5-EB5304975C9B} = {807CA489-B49E-4BA9-A99E-0EA914E76CAE}
		{78F2D217-FB36-40BC-81EC-ED49C9F31CF7} = {807CA489-B49E-4BA9-A99E-0EA914E76CAE}
		{EC28E2D7-BA1A-4BA4-953A-09AC21199BD0} = {807CA489-B49E-4BA9-A99E-0EA914E76CAE}
		{404C6590-E3C2-4E95-90AF-AC394A19603C} = {807CA489-B49E-4BA9-A99E-0EA914E76CAE}
		{077B5CD6-467D-4731-92FE-2DD22A75BA31} = {807CA489-B49E-4BA9-A99E-0EA914E76CAE}
		{181D5C7D-5861-4495-913B-9B57575F888C} = {807CA489-B49E-4BA9-A99E-0EA914E76CAE}
		{D33192D8-9FB5-4EF2-A36A-61CDCAECDE06} = {B17A2C51-347F-4A6B-A771-048078656078}
		{4DB36909-1B1D-4DA7-A7D5-8565C8C4EC63} = {807CA489-B49E-4BA9-A99E-0EA914E76CAE}
		{0582BA6F-F63A-4D8F-956B-84BD85C66953} = {807CA489-B49E-4BA9-A99E-0EA914E76CAE}
		{C0F01C6F-AE68-4759-90ED-2842546B6EED} = {807CA489-B49E-4BA9-A99E-0EA914E76CAE}
		{AE057C5F-E87E-4E00-B643-4614DA09D029} = {807CA489-B49E-4BA9-A99E-0EA914E76CAE}
		{2253990F-CFAC-4B87-9924-03F61B47CC4E} = {807CA489-B49E-4BA9-A99E-0EA914E76CAE}
		{566DDC9E-2D66-4914-B86F-9F9823DA2373} = {807CA489-B49E-4BA9-A99E-0EA914E76CAE}
		{7C089A26-529D-47C6-9FC5-54EB8F8FA413} = {807CA489-B49E-4BA9-A99E-0EA914E76CAE}
		{7FD6110A-CB12-49DA-A591-1D984FCFB338} = {807CA489-B49E-4BA9-A99E-0EA914E76CAE}
		{A7BE379D-CB4D-4219-ACA9-FF339029ACD6} = {807CA489-B49E-4BA9-A99E-0EA914E76CAE}
		{AE68E997-8D1A-4D76-A896-D64CB44AE702} = {807CA489-B49E-4BA9-A99E-0EA914E76CAE}
		{BCBA6D9A-7B97-48AB-9076-7520434C7981} = {807CA489-B49E-4BA9-A99E-0EA914E76CAE}
		{E40B988A-E7C4-40BB-8E88-B258DF17B48F} = {807CA489-B49E-4BA9-A99E-0EA914E76CAE}
		{64541973-7DCE-4A33-A1A1-F4A3A043722A} = {807CA489-B49E-4BA9-A99E-0EA914E76CAE}
	EndGlobalSection
	GlobalSection(ExtensibilityGlobals) = postSolution
		SolutionGuid = {349B3271-F09C-467D-9273-FA1A10A8DD34}
	EndGlobalSection
EndGlobal
